
Microsoft Visual Studio Solution File, Format Version 12.00
# Visual Studio Version 16
VisualStudioVersion = 16.0.29519.181
MinimumVisualStudioVersion = 10.0.40219.1
Project("{FAE04EC0-301F-11D3-BF4B-00C04F79EFBC}") = "Investing", "Investing\Investing.csproj", "{4434892C-3714-48B9-BD21-E4A7F0E2DBCD}"
EndProject
Project("{FAE04EC0-301F-11D3-BF4B-00C04F79EFBC}") = "SqlDataAccess", "DataAccess\SqlDataAccess.csproj", "{83852CA3-3CEE-4125-9289-C4C5223B6BC5}"
EndProject
Project("{00D1A9C2-B5F0-4AF3-8072-F6C62B433612}") = "SqlDatabase", "Database\SqlDatabase.sqlproj", "{CD27730B-7AEF-450E-B1FB-136F6328C2E6}"
EndProject
Project("{FAE04EC0-301F-11D3-BF4B-00C04F79EFBC}") = "AutoUser", "AutoUser\AutoUser.csproj", "{729A3ECA-9B63-403C-A043-A142FE479E06}"
EndProject
Project("{FAE04EC0-301F-11D3-BF4B-00C04F79EFBC}") = "UserControls", "UserControls\UserControls.csproj", "{11C3EDF3-17F0-4265-88A3-6AB51B2D2489}"
EndProject
Project("{FAE04EC0-301F-11D3-BF4B-00C04F79EFBC}") = "BasicModels", "BasicModels\BasicModels.csproj", "{53E57F0A-B5ED-48D5-85C9-CB554CBA59FA}"
EndProject
Project("{FAE04EC0-301F-11D3-BF4B-00C04F79EFBC}") = "Miscellaneous", "Miscellaneous\Miscellaneous.csproj", "{B3F18EF5-2850-4905-97B2-6F4C4C10B204}"
EndProject
Project("{FAE04EC0-301F-11D3-BF4B-00C04F79EFBC}") = "Repositories", "Repositories\Repositories.csproj", "{7B17BEEA-AB13-48FE-B83A-62BF06C2CA96}"
EndProject
Project("{FAE04EC0-301F-11D3-BF4B-00C04F79EFBC}") = "YahooDataAccess", "YahooDataAccess\YahooDataAccess.csproj", "{C3E95692-4C2B-47A5-8C15-CD9A2984FEFF}"
EndProject
Project("{FAE04EC0-301F-11D3-BF4B-00C04F79EFBC}") = "SqlLiteDataAccess", "SqlLiteDataAccess\SqlLiteDataAccess.csproj", "{7517C319-EAE2-4466-91DD-410FDCA0D982}"
EndProject
Project("{FAE04EC0-301F-11D3-BF4B-00C04F79EFBC}") = "Settings", "Settings\Settings.csproj", "{7EF34C05-24EF-4D60-9AD8-CB46C96F5E94}"
EndProject
Global
	GlobalSection(SolutionConfigurationPlatforms) = preSolution
		Debug|Any CPU = Debug|Any CPU
		Release|Any CPU = Release|Any CPU
	EndGlobalSection
	GlobalSection(ProjectConfigurationPlatforms) = postSolution
		{4434892C-3714-48B9-BD21-E4A7F0E2DBCD}.Debug|Any CPU.ActiveCfg = Debug|Any CPU
		{4434892C-3714-48B9-BD21-E4A7F0E2DBCD}.Debug|Any CPU.Build.0 = Debug|Any CPU
		{4434892C-3714-48B9-BD21-E4A7F0E2DBCD}.Release|Any CPU.ActiveCfg = Release|Any CPU
		{4434892C-3714-48B9-BD21-E4A7F0E2DBCD}.Release|Any CPU.Build.0 = Release|Any CPU
		{83852CA3-3CEE-4125-9289-C4C5223B6BC5}.Debug|Any CPU.ActiveCfg = Debug|Any CPU
		{83852CA3-3CEE-4125-9289-C4C5223B6BC5}.Debug|Any CPU.Build.0 = Debug|Any CPU
		{83852CA3-3CEE-4125-9289-C4C5223B6BC5}.Release|Any CPU.ActiveCfg = Release|Any CPU
		{83852CA3-3CEE-4125-9289-C4C5223B6BC5}.Release|Any CPU.Build.0 = Release|Any CPU
		{CD27730B-7AEF-450E-B1FB-136F6328C2E6}.Debug|Any CPU.ActiveCfg = Debug|Any CPU
		{CD27730B-7AEF-450E-B1FB-136F6328C2E6}.Debug|Any CPU.Build.0 = Debug|Any CPU
		{CD27730B-7AEF-450E-B1FB-136F6328C2E6}.Debug|Any CPU.Deploy.0 = Debug|Any CPU
		{CD27730B-7AEF-450E-B1FB-136F6328C2E6}.Release|Any CPU.ActiveCfg = Release|Any CPU
		{CD27730B-7AEF-450E-B1FB-136F6328C2E6}.Release|Any CPU.Build.0 = Release|Any CPU
		{CD27730B-7AEF-450E-B1FB-136F6328C2E6}.Release|Any CPU.Deploy.0 = Release|Any CPU
		{729A3ECA-9B63-403C-A043-A142FE479E06}.Debug|Any CPU.ActiveCfg = Debug|Any CPU
		{729A3ECA-9B63-403C-A043-A142FE479E06}.Debug|Any CPU.Build.0 = Debug|Any CPU
		{729A3ECA-9B63-403C-A043-A142FE479E06}.Release|Any CPU.ActiveCfg = Release|Any CPU
		{729A3ECA-9B63-403C-A043-A142FE479E06}.Release|Any CPU.Build.0 = Release|Any CPU
		{11C3EDF3-17F0-4265-88A3-6AB51B2D2489}.Debug|Any CPU.ActiveCfg = Debug|Any CPU
		{11C3EDF3-17F0-4265-88A3-6AB51B2D2489}.Debug|Any CPU.Build.0 = Debug|Any CPU
		{11C3EDF3-17F0-4265-88A3-6AB51B2D2489}.Release|Any CPU.ActiveCfg = Release|Any CPU
		{11C3EDF3-17F0-4265-88A3-6AB51B2D2489}.Release|Any CPU.Build.0 = Release|Any CPU
		{53E57F0A-B5ED-48D5-85C9-CB554CBA59FA}.Debug|Any CPU.ActiveCfg = Debug|Any CPU
		{53E57F0A-B5ED-48D5-85C9-CB554CBA59FA}.Debug|Any CPU.Build.0 = Debug|Any CPU
		{53E57F0A-B5ED-48D5-85C9-CB554CBA59FA}.Release|Any CPU.ActiveCfg = Release|Any CPU
		{53E57F0A-B5ED-48D5-85C9-CB554CBA59FA}.Release|Any CPU.Build.0 = Release|Any CPU
		{B3F18EF5-2850-4905-97B2-6F4C4C10B204}.Debug|Any CPU.ActiveCfg = Debug|Any CPU
		{B3F18EF5-2850-4905-97B2-6F4C4C10B204}.Debug|Any CPU.Build.0 = Debug|Any CPU
		{B3F18EF5-2850-4905-97B2-6F4C4C10B204}.Release|Any CPU.ActiveCfg = Release|Any CPU
		{B3F18EF5-2850-4905-97B2-6F4C4C10B204}.Release|Any CPU.Build.0 = Release|Any CPU
		{7B17BEEA-AB13-48FE-B83A-62BF06C2CA96}.Debug|Any CPU.ActiveCfg = Debug|Any CPU
		{7B17BEEA-AB13-48FE-B83A-62BF06C2CA96}.Debug|Any CPU.Build.0 = Debug|Any CPU
		{7B17BEEA-AB13-48FE-B83A-62BF06C2CA96}.Release|Any CPU.ActiveCfg = Release|Any CPU
		{7B17BEEA-AB13-48FE-B83A-62BF06C2CA96}.Release|Any CPU.Build.0 = Release|Any CPU
		{C3E95692-4C2B-47A5-8C15-CD9A2984FEFF}.Debug|Any CPU.ActiveCfg = Debug|Any CPU
		{C3E95692-4C2B-47A5-8C15-CD9A2984FEFF}.Debug|Any CPU.Build.0 = Debug|Any CPU
		{C3E95692-4C2B-47A5-8C15-CD9A2984FEFF}.Release|Any CPU.ActiveCfg = Release|Any CPU
		{C3E95692-4C2B-47A5-8C15-CD9A2984FEFF}.Release|Any CPU.Build.0 = Release|Any CPU
		{7517C319-EAE2-4466-91DD-410FDCA0D982}.Debug|Any CPU.ActiveCfg = Debug|Any CPU
		{7517C319-EAE2-4466-91DD-410FDCA0D982}.Debug|Any CPU.Build.0 = Debug|Any CPU
		{7517C319-EAE2-4466-91DD-410FDCA0D982}.Release|Any CPU.ActiveCfg = Release|Any CPU
		{7517C319-EAE2-4466-91DD-410FDCA0D982}.Release|Any CPU.Build.0 = Release|Any CPU
		{7EF34C05-24EF-4D60-9AD8-CB46C96F5E94}.Debug|Any CPU.ActiveCfg = Debug|Any CPU
		{7EF34C05-24EF-4D60-9AD8-CB46C96F5E94}.Debug|Any CPU.Build.0 = Debug|Any CPU
		{7EF34C05-24EF-4D60-9AD8-CB46C96F5E94}.Release|Any CPU.ActiveCfg = Release|Any CPU
		{7EF34C05-24EF-4D60-9AD8-CB46C96F5E94}.Release|Any CPU.Build.0 = Release|Any CPU
	EndGlobalSection
	GlobalSection(SolutionProperties) = preSolution
		HideSolutionNode = FALSE
	EndGlobalSection
	GlobalSection(ExtensibilityGlobals) = postSolution
		SolutionGuid = {AEF61292-7DC0-405C-962C-F1C13BDBC05B}
	EndGlobalSection
EndGlobal
